
Microsoft Visual Studio Solution File, Format Version 12.00
# Visual Studio Version 17
VisualStudioVersion = 17.5.33516.290
MinimumVisualStudioVersion = 10.0.40219.1
Project("{FAE04EC0-301F-11D3-BF4B-00C04F79EFBC}") = "Tic Tac Toe", "Tic Tac Toe.csproj", "{329EC491-01A2-4BCC-9F11-F9787F108043}"
EndProject
Global
	GlobalSection(SolutionConfigurationPlatforms) = preSolution
		Debug|Any CPU = Debug|Any CPU
		Release|Any CPU = Release|Any CPU
	EndGlobalSection
	GlobalSection(ProjectConfigurationPlatforms) = postSolution
		{329EC491-01A2-4BCC-9F11-F9787F108043}.Debug|Any CPU.ActiveCfg = Debug|Any CPU
		{329EC491-01A2-4BCC-9F11-F9787F108043}.Debug|Any CPU.Build.0 = Debug|Any CPU
		{329EC491-01A2-4BCC-9F11-F9787F108043}.Release|Any CPU.ActiveCfg = Release|Any CPU
		{329EC491-01A2-4BCC-9F11-F9787F108043}.Release|Any CPU.Build.0 = Release|Any CPU
	EndGlobalSection
	GlobalSection(SolutionProperties) = preSolution
		HideSolutionNode = FALSE
	EndGlobalSection
	GlobalSection(ExtensibilityGlobals) = postSolution
		SolutionGuid = {3825AE60-D31A-444B-8329-0787092AE58E}
	EndGlobalSection
EndGlobal
