
Microsoft Visual Studio Solution File, Format Version 12.00
# Visual Studio Version 17
VisualStudioVersion = 17.5.33516.290
MinimumVisualStudioVersion = 10.0.40219.1
Project("{FAE04EC0-301F-11D3-BF4B-00C04F79EFBC}") = "CalculatorLib", "CalculatorLib.csproj", "{82421BB6-286F-4959-AEF0-7F7831C22926}"
EndProject
Global
	GlobalSection(SolutionConfigurationPlatforms) = preSolution
		Debug|Any CPU = Debug|Any CPU
		Release|Any CPU = Release|Any CPU
	EndGlobalSection
	GlobalSection(ProjectConfigurationPlatforms) = postSolution
		{82421BB6-286F-4959-AEF0-7F7831C22926}.Debug|Any CPU.ActiveCfg = Debug|Any CPU
		{82421BB6-286F-4959-AEF0-7F7831C22926}.Debug|Any CPU.Build.0 = Debug|Any CPU
		{82421BB6-286F-4959-AEF0-7F7831C22926}.Release|Any CPU.ActiveCfg = Release|Any CPU
		{82421BB6-286F-4959-AEF0-7F7831C22926}.Release|Any CPU.Build.0 = Release|Any CPU
	EndGlobalSection
	GlobalSection(SolutionProperties) = preSolution
		HideSolutionNode = FALSE
	EndGlobalSection
	GlobalSection(ExtensibilityGlobals) = postSolution
		SolutionGuid = {BDC69038-75D9-4C5D-8AA8-E276184D4CED}
	EndGlobalSection
EndGlobal
