
Microsoft Visual Studio Solution File, Format Version 12.00
# Visual Studio Version 17
VisualStudioVersion = 17.3.32922.545
MinimumVisualStudioVersion = 10.0.40219.1
Project("{FAE04EC0-301F-11D3-BF4B-00C04F79EFBC}") = "TestIdea", "TestIdea.csproj", "{B87DD29D-1654-468B-AF5F-F6CB4C4C6F6A}"
EndProject
Global
	GlobalSection(SolutionConfigurationPlatforms) = preSolution
		Debug|Any CPU = Debug|Any CPU
		Release|Any CPU = Release|Any CPU
	EndGlobalSection
	GlobalSection(ProjectConfigurationPlatforms) = postSolution
		{B87DD29D-1654-468B-AF5F-F6CB4C4C6F6A}.Debug|Any CPU.ActiveCfg = Debug|Any CPU
		{B87DD29D-1654-468B-AF5F-F6CB4C4C6F6A}.Debug|Any CPU.Build.0 = Debug|Any CPU
		{B87DD29D-1654-468B-AF5F-F6CB4C4C6F6A}.Release|Any CPU.ActiveCfg = Release|Any CPU
		{B87DD29D-1654-468B-AF5F-F6CB4C4C6F6A}.Release|Any CPU.Build.0 = Release|Any CPU
	EndGlobalSection
	GlobalSection(SolutionProperties) = preSolution
		HideSolutionNode = FALSE
	EndGlobalSection
	GlobalSection(ExtensibilityGlobals) = postSolution
		SolutionGuid = {97247812-7513-4C6E-8E6D-F85C93A1DB9E}
	EndGlobalSection
EndGlobal
