
Microsoft Visual Studio Solution File, Format Version 12.00
# Visual Studio Version 17
VisualStudioVersion = 17.0.32014.148
MinimumVisualStudioVersion = 10.0.40219.1
Project("{FAE04EC0-301F-11D3-BF4B-00C04F79EFBC}") = "Test", "Test.csproj", "{A715B150-A6BF-4627-ADF1-37235FB1AADE}"
EndProject
Global
	GlobalSection(SolutionConfigurationPlatforms) = preSolution
		Debug|Any CPU = Debug|Any CPU
		Release|Any CPU = Release|Any CPU
	EndGlobalSection
	GlobalSection(ProjectConfigurationPlatforms) = postSolution
		{A715B150-A6BF-4627-ADF1-37235FB1AADE}.Debug|Any CPU.ActiveCfg = Debug|Any CPU
		{A715B150-A6BF-4627-ADF1-37235FB1AADE}.Debug|Any CPU.Build.0 = Debug|Any CPU
		{A715B150-A6BF-4627-ADF1-37235FB1AADE}.Release|Any CPU.ActiveCfg = Release|Any CPU
		{A715B150-A6BF-4627-ADF1-37235FB1AADE}.Release|Any CPU.Build.0 = Release|Any CPU
	EndGlobalSection
	GlobalSection(SolutionProperties) = preSolution
		HideSolutionNode = FALSE
	EndGlobalSection
	GlobalSection(ExtensibilityGlobals) = postSolution
		SolutionGuid = {97125B5A-CA8C-40B1-BDDB-2348FC0E365F}
	EndGlobalSection
EndGlobal
