
Microsoft Visual Studio Solution File, Format Version 12.00
# Visual Studio Version 17
VisualStudioVersion = 17.0.32014.148
MinimumVisualStudioVersion = 10.0.40219.1
Project("{FAE04EC0-301F-11D3-BF4B-00C04F79EFBC}") = "TestyTest", "TestyTest.csproj", "{384E80BB-6DB9-4CC3-8760-9A3E5D343020}"
EndProject
Global
	GlobalSection(SolutionConfigurationPlatforms) = preSolution
		Debug|Any CPU = Debug|Any CPU
		Release|Any CPU = Release|Any CPU
	EndGlobalSection
	GlobalSection(ProjectConfigurationPlatforms) = postSolution
		{384E80BB-6DB9-4CC3-8760-9A3E5D343020}.Debug|Any CPU.ActiveCfg = Debug|Any CPU
		{384E80BB-6DB9-4CC3-8760-9A3E5D343020}.Debug|Any CPU.Build.0 = Debug|Any CPU
		{384E80BB-6DB9-4CC3-8760-9A3E5D343020}.Release|Any CPU.ActiveCfg = Release|Any CPU
		{384E80BB-6DB9-4CC3-8760-9A3E5D343020}.Release|Any CPU.Build.0 = Release|Any CPU
	EndGlobalSection
	GlobalSection(SolutionProperties) = preSolution
		HideSolutionNode = FALSE
	EndGlobalSection
	GlobalSection(ExtensibilityGlobals) = postSolution
		SolutionGuid = {F9E882B5-C467-47D8-A2FD-637E16C0B3D8}
	EndGlobalSection
EndGlobal
