
Microsoft Visual Studio Solution File, Format Version 12.00
# Visual Studio Version 17
VisualStudioVersion = 17.2.32630.192
MinimumVisualStudioVersion = 10.0.40219.1
Project("{FAE04EC0-301F-11D3-BF4B-00C04F79EFBC}") = "WpfApp3", "WpfApp3.csproj", "{06F9CF9A-955D-4E82-B28D-895F5027EF7E}"
EndProject
Global
	GlobalSection(SolutionConfigurationPlatforms) = preSolution
		Debug|Any CPU = Debug|Any CPU
		Release|Any CPU = Release|Any CPU
	EndGlobalSection
	GlobalSection(ProjectConfigurationPlatforms) = postSolution
		{06F9CF9A-955D-4E82-B28D-895F5027EF7E}.Debug|Any CPU.ActiveCfg = Debug|Any CPU
		{06F9CF9A-955D-4E82-B28D-895F5027EF7E}.Debug|Any CPU.Build.0 = Debug|Any CPU
		{06F9CF9A-955D-4E82-B28D-895F5027EF7E}.Release|Any CPU.ActiveCfg = Release|Any CPU
		{06F9CF9A-955D-4E82-B28D-895F5027EF7E}.Release|Any CPU.Build.0 = Release|Any CPU
	EndGlobalSection
	GlobalSection(SolutionProperties) = preSolution
		HideSolutionNode = FALSE
	EndGlobalSection
	GlobalSection(ExtensibilityGlobals) = postSolution
		SolutionGuid = {AFB35B1A-9D2E-4CF6-A437-31BA214993EE}
	EndGlobalSection
EndGlobal
