
Microsoft Visual Studio Solution File, Format Version 12.00
# Visual Studio Version 17
VisualStudioVersion = 17.2.32630.192
MinimumVisualStudioVersion = 10.0.40219.1
Project("{FAE04EC0-301F-11D3-BF4B-00C04F79EFBC}") = "BlazorApp", "BlazorApp.csproj", "{E1C0AA70-24F7-4F88-9105-9715A8CBC092}"
EndProject
Global
	GlobalSection(SolutionConfigurationPlatforms) = preSolution
		Debug|Any CPU = Debug|Any CPU
		Release|Any CPU = Release|Any CPU
	EndGlobalSection
	GlobalSection(ProjectConfigurationPlatforms) = postSolution
		{E1C0AA70-24F7-4F88-9105-9715A8CBC092}.Debug|Any CPU.ActiveCfg = Debug|Any CPU
		{E1C0AA70-24F7-4F88-9105-9715A8CBC092}.Debug|Any CPU.Build.0 = Debug|Any CPU
		{E1C0AA70-24F7-4F88-9105-9715A8CBC092}.Release|Any CPU.ActiveCfg = Release|Any CPU
		{E1C0AA70-24F7-4F88-9105-9715A8CBC092}.Release|Any CPU.Build.0 = Release|Any CPU
	EndGlobalSection
	GlobalSection(SolutionProperties) = preSolution
		HideSolutionNode = FALSE
	EndGlobalSection
	GlobalSection(ExtensibilityGlobals) = postSolution
		SolutionGuid = {3137B235-09FF-4E31-B78A-0F6088E2FFD3}
	EndGlobalSection
EndGlobal
