
Microsoft Visual Studio Solution File, Format Version 12.00
# Visual Studio Version 17
VisualStudioVersion = 17.5.33516.290
MinimumVisualStudioVersion = 10.0.40219.1
Project("{FAE04EC0-301F-11D3-BF4B-00C04F79EFBC}") = "CallStackExceptionHanlding", "CallStackExceptionHanlding.csproj", "{940729A8-DCE7-430C-97AB-DF99FFD8376B}"
EndProject
Global
	GlobalSection(SolutionConfigurationPlatforms) = preSolution
		Debug|Any CPU = Debug|Any CPU
		Release|Any CPU = Release|Any CPU
	EndGlobalSection
	GlobalSection(ProjectConfigurationPlatforms) = postSolution
		{940729A8-DCE7-430C-97AB-DF99FFD8376B}.Debug|Any CPU.ActiveCfg = Debug|Any CPU
		{940729A8-DCE7-430C-97AB-DF99FFD8376B}.Debug|Any CPU.Build.0 = Debug|Any CPU
		{940729A8-DCE7-430C-97AB-DF99FFD8376B}.Release|Any CPU.ActiveCfg = Release|Any CPU
		{940729A8-DCE7-430C-97AB-DF99FFD8376B}.Release|Any CPU.Build.0 = Release|Any CPU
	EndGlobalSection
	GlobalSection(SolutionProperties) = preSolution
		HideSolutionNode = FALSE
	EndGlobalSection
	GlobalSection(ExtensibilityGlobals) = postSolution
		SolutionGuid = {ACFCA6CA-DE42-4C4C-8BBB-BF8BC086E3E6}
	EndGlobalSection
EndGlobal
