
Microsoft Visual Studio Solution File, Format Version 12.00
# Visual Studio Version 17
VisualStudioVersion = 17.7.34202.233
MinimumVisualStudioVersion = 10.0.40219.1
Project("{FAE04EC0-301F-11D3-BF4B-00C04F79EFBC}") = "AlarmApplication", "AlarmApplication.csproj", "{8542EB78-96C1-4F6A-9B88-DE2068E1A07F}"
EndProject
Global
	GlobalSection(SolutionConfigurationPlatforms) = preSolution
		Debug|Any CPU = Debug|Any CPU
		Release|Any CPU = Release|Any CPU
	EndGlobalSection
	GlobalSection(ProjectConfigurationPlatforms) = postSolution
		{8542EB78-96C1-4F6A-9B88-DE2068E1A07F}.Debug|Any CPU.ActiveCfg = Debug|Any CPU
		{8542EB78-96C1-4F6A-9B88-DE2068E1A07F}.Debug|Any CPU.Build.0 = Debug|Any CPU
		{8542EB78-96C1-4F6A-9B88-DE2068E1A07F}.Release|Any CPU.ActiveCfg = Release|Any CPU
		{8542EB78-96C1-4F6A-9B88-DE2068E1A07F}.Release|Any CPU.Build.0 = Release|Any CPU
	EndGlobalSection
	GlobalSection(SolutionProperties) = preSolution
		HideSolutionNode = FALSE
	EndGlobalSection
	GlobalSection(ExtensibilityGlobals) = postSolution
		SolutionGuid = {79B2C715-F9AF-4433-BF0C-CA3A6A3A3005}
	EndGlobalSection
EndGlobal
