
Microsoft Visual Studio Solution File, Format Version 12.00
# Visual Studio Version 17
VisualStudioVersion = 17.8.34511.84
MinimumVisualStudioVersion = 10.0.40219.1
Project("{FAE04EC0-301F-11D3-BF4B-00C04F79EFBC}") = "Gravity", "Gravity.csproj", "{8DCAF091-A2A1-4472-8582-A52B9D7F352D}"
EndProject
Global
	GlobalSection(SolutionConfigurationPlatforms) = preSolution
		Debug|Any CPU = Debug|Any CPU
		Release|Any CPU = Release|Any CPU
	EndGlobalSection
	GlobalSection(ProjectConfigurationPlatforms) = postSolution
		{8DCAF091-A2A1-4472-8582-A52B9D7F352D}.Debug|Any CPU.ActiveCfg = Debug|Any CPU
		{8DCAF091-A2A1-4472-8582-A52B9D7F352D}.Debug|Any CPU.Build.0 = Debug|Any CPU
		{8DCAF091-A2A1-4472-8582-A52B9D7F352D}.Release|Any CPU.ActiveCfg = Release|Any CPU
		{8DCAF091-A2A1-4472-8582-A52B9D7F352D}.Release|Any CPU.Build.0 = Release|Any CPU
	EndGlobalSection
	GlobalSection(SolutionProperties) = preSolution
		HideSolutionNode = FALSE
	EndGlobalSection
	GlobalSection(ExtensibilityGlobals) = postSolution
		SolutionGuid = {D6942488-2393-401F-80AB-8E8956596180}
	EndGlobalSection
EndGlobal
