
Microsoft Visual Studio Solution File, Format Version 12.00
# Visual Studio Version 17
VisualStudioVersion = 17.6.33829.357
MinimumVisualStudioVersion = 10.0.40219.1
Project("{FAE04EC0-301F-11D3-BF4B-00C04F79EFBC}") = "BlueTimer", "BlueTimer.csproj", "{53CA9827-5200-42E4-ADFB-EC4F6F5594A9}"
EndProject
Global
	GlobalSection(SolutionConfigurationPlatforms) = preSolution
		Debug|Any CPU = Debug|Any CPU
		Release|Any CPU = Release|Any CPU
	EndGlobalSection
	GlobalSection(ProjectConfigurationPlatforms) = postSolution
		{53CA9827-5200-42E4-ADFB-EC4F6F5594A9}.Debug|Any CPU.ActiveCfg = Debug|Any CPU
		{53CA9827-5200-42E4-ADFB-EC4F6F5594A9}.Debug|Any CPU.Build.0 = Debug|Any CPU
		{53CA9827-5200-42E4-ADFB-EC4F6F5594A9}.Release|Any CPU.ActiveCfg = Release|Any CPU
		{53CA9827-5200-42E4-ADFB-EC4F6F5594A9}.Release|Any CPU.Build.0 = Release|Any CPU
	EndGlobalSection
	GlobalSection(SolutionProperties) = preSolution
		HideSolutionNode = FALSE
	EndGlobalSection
	GlobalSection(ExtensibilityGlobals) = postSolution
		SolutionGuid = {E8A2C7EB-6102-4EA9-BE93-F7A43A2A1B21}
	EndGlobalSection
EndGlobal
