
Microsoft Visual Studio Solution File, Format Version 12.00
# Visual Studio Version 17
VisualStudioVersion = 17.9.34616.47
MinimumVisualStudioVersion = 10.0.40219.1
Project("{FAE04EC0-301F-11D3-BF4B-00C04F79EFBC}") = "BattleShipsII", "BattleShipsII.csproj", "{8CFA8A14-F989-431C-8864-4D9D8F49D086}"
EndProject
Global
	GlobalSection(SolutionConfigurationPlatforms) = preSolution
		Debug|Any CPU = Debug|Any CPU
		Release|Any CPU = Release|Any CPU
	EndGlobalSection
	GlobalSection(ProjectConfigurationPlatforms) = postSolution
		{8CFA8A14-F989-431C-8864-4D9D8F49D086}.Debug|Any CPU.ActiveCfg = Debug|Any CPU
		{8CFA8A14-F989-431C-8864-4D9D8F49D086}.Debug|Any CPU.Build.0 = Debug|Any CPU
		{8CFA8A14-F989-431C-8864-4D9D8F49D086}.Release|Any CPU.ActiveCfg = Release|Any CPU
		{8CFA8A14-F989-431C-8864-4D9D8F49D086}.Release|Any CPU.Build.0 = Release|Any CPU
	EndGlobalSection
	GlobalSection(SolutionProperties) = preSolution
		HideSolutionNode = FALSE
	EndGlobalSection
	GlobalSection(ExtensibilityGlobals) = postSolution
		SolutionGuid = {2E136B5E-518A-4415-B459-DF9CA35F5FFC}
	EndGlobalSection
EndGlobal
