
Microsoft Visual Studio Solution File, Format Version 12.00
# Visual Studio Version 17
VisualStudioVersion = 17.2.32630.192
MinimumVisualStudioVersion = 10.0.40219.1
Project("{FAE04EC0-301F-11D3-BF4B-00C04F79EFBC}") = "MyCoreApp", "MyCoreApp.csproj", "{F4EFC35B-056F-4512-BB35-FFFA03300235}"
EndProject
Global
	GlobalSection(SolutionConfigurationPlatforms) = preSolution
		Debug|Any CPU = Debug|Any CPU
		Release|Any CPU = Release|Any CPU
	EndGlobalSection
	GlobalSection(ProjectConfigurationPlatforms) = postSolution
		{F4EFC35B-056F-4512-BB35-FFFA03300235}.Debug|Any CPU.ActiveCfg = Debug|Any CPU
		{F4EFC35B-056F-4512-BB35-FFFA03300235}.Debug|Any CPU.Build.0 = Debug|Any CPU
		{F4EFC35B-056F-4512-BB35-FFFA03300235}.Release|Any CPU.ActiveCfg = Release|Any CPU
		{F4EFC35B-056F-4512-BB35-FFFA03300235}.Release|Any CPU.Build.0 = Release|Any CPU
	EndGlobalSection
	GlobalSection(SolutionProperties) = preSolution
		HideSolutionNode = FALSE
	EndGlobalSection
	GlobalSection(ExtensibilityGlobals) = postSolution
		SolutionGuid = {90CB489C-0F5F-4A67-9082-D77129BE8351}
	EndGlobalSection
EndGlobal
