
Microsoft Visual Studio Solution File, Format Version 12.00
# Blend for Visual Studio Version 17
VisualStudioVersion = 17.3.32922.545
MinimumVisualStudioVersion = 10.0.40219.1
Project("{FAE04EC0-301F-11D3-BF4B-00C04F79EFBC}") = "TheSomething", "TheSomething.csproj", "{93921271-48DC-4475-9C0D-D9E1AAF9343D}"
EndProject
Global
	GlobalSection(SolutionConfigurationPlatforms) = preSolution
		Debug|Any CPU = Debug|Any CPU
		Release|Any CPU = Release|Any CPU
	EndGlobalSection
	GlobalSection(ProjectConfigurationPlatforms) = postSolution
		{93921271-48DC-4475-9C0D-D9E1AAF9343D}.Debug|Any CPU.ActiveCfg = Debug|Any CPU
		{93921271-48DC-4475-9C0D-D9E1AAF9343D}.Debug|Any CPU.Build.0 = Debug|Any CPU
		{93921271-48DC-4475-9C0D-D9E1AAF9343D}.Release|Any CPU.ActiveCfg = Release|Any CPU
		{93921271-48DC-4475-9C0D-D9E1AAF9343D}.Release|Any CPU.Build.0 = Release|Any CPU
	EndGlobalSection
	GlobalSection(SolutionProperties) = preSolution
		HideSolutionNode = FALSE
	EndGlobalSection
	GlobalSection(ExtensibilityGlobals) = postSolution
		SolutionGuid = {A1D19B29-730D-4890-B1AE-3406C07100BA}
	EndGlobalSection
EndGlobal
