
Microsoft Visual Studio Solution File, Format Version 12.00
# Visual Studio Version 17
VisualStudioVersion = 17.0.32014.148
MinimumVisualStudioVersion = 10.0.40219.1
Project("{FAE04EC0-301F-11D3-BF4B-00C04F79EFBC}") = "Control Variable Scope and Logic using Code Blocks", "Control Variable Scope and Logic using Code Blocks.csproj", "{721EE4D4-7E3C-40A3-9F0D-484701729A32}"
EndProject
Global
	GlobalSection(SolutionConfigurationPlatforms) = preSolution
		Debug|Any CPU = Debug|Any CPU
		Release|Any CPU = Release|Any CPU
	EndGlobalSection
	GlobalSection(ProjectConfigurationPlatforms) = postSolution
		{721EE4D4-7E3C-40A3-9F0D-484701729A32}.Debug|Any CPU.ActiveCfg = Debug|Any CPU
		{721EE4D4-7E3C-40A3-9F0D-484701729A32}.Debug|Any CPU.Build.0 = Debug|Any CPU
		{721EE4D4-7E3C-40A3-9F0D-484701729A32}.Release|Any CPU.ActiveCfg = Release|Any CPU
		{721EE4D4-7E3C-40A3-9F0D-484701729A32}.Release|Any CPU.Build.0 = Release|Any CPU
	EndGlobalSection
	GlobalSection(SolutionProperties) = preSolution
		HideSolutionNode = FALSE
	EndGlobalSection
	GlobalSection(ExtensibilityGlobals) = postSolution
		SolutionGuid = {833A6DB6-BEA1-4697-BD71-2823E7298C2C}
	EndGlobalSection
EndGlobal
