
Microsoft Visual Studio Solution File, Format Version 12.00
# Visual Studio Version 17
VisualStudioVersion = 17.2.32630.192
MinimumVisualStudioVersion = 10.0.40219.1
Project("{FAE04EC0-301F-11D3-BF4B-00C04F79EFBC}") = "HelloWPF", "HelloWPF.csproj", "{8D092918-A75A-440D-84E1-FA33D0F9743B}"
EndProject
Global
	GlobalSection(SolutionConfigurationPlatforms) = preSolution
		Debug|Any CPU = Debug|Any CPU
		Release|Any CPU = Release|Any CPU
	EndGlobalSection
	GlobalSection(ProjectConfigurationPlatforms) = postSolution
		{8D092918-A75A-440D-84E1-FA33D0F9743B}.Debug|Any CPU.ActiveCfg = Debug|Any CPU
		{8D092918-A75A-440D-84E1-FA33D0F9743B}.Debug|Any CPU.Build.0 = Debug|Any CPU
		{8D092918-A75A-440D-84E1-FA33D0F9743B}.Release|Any CPU.ActiveCfg = Release|Any CPU
		{8D092918-A75A-440D-84E1-FA33D0F9743B}.Release|Any CPU.Build.0 = Release|Any CPU
	EndGlobalSection
	GlobalSection(SolutionProperties) = preSolution
		HideSolutionNode = FALSE
	EndGlobalSection
	GlobalSection(ExtensibilityGlobals) = postSolution
		SolutionGuid = {3B3ABFCE-CAF1-49B7-B919-9FAEA57DB047}
	EndGlobalSection
EndGlobal
